// !$*UTF8*$!
{
	archiveVersion = 1;
	classes = {
	};
	objectVersion = 46;
	objects = {

/* Begin PBXBuildFile section */
		6B04CF9E1E23B7E6000DB965 /* multiplayerState.swift in Sources */ = {isa = PBXBuildFile; fileRef = 6B04CF9D1E23B7E6000DB965 /* multiplayerState.swift */; };
		6B04CFA01E23B7FE000DB965 /* singleState.swift in Sources */ = {isa = PBXBuildFile; fileRef = 6B04CF9F1E23B7FE000DB965 /* singleState.swift */; };
		6B15AB591E24181B0038B64B /* pop.wav in Resources */ = {isa = PBXBuildFile; fileRef = 6B15AB581E24181B0038B64B /* pop.wav */; };
		6B1CC2201E2224A000057DA5 /* AppDelegate.swift in Sources */ = {isa = PBXBuildFile; fileRef = 6B1CC21F1E2224A000057DA5 /* AppDelegate.swift */; };
		6B1CC2261E2224A000057DA5 /* GameScene.swift in Sources */ = {isa = PBXBuildFile; fileRef = 6B1CC2251E2224A000057DA5 /* GameScene.swift */; };
		6B1CC2281E2224A000057DA5 /* GameViewController.swift in Sources */ = {isa = PBXBuildFile; fileRef = 6B1CC2271E2224A000057DA5 /* GameViewController.swift */; };
		6B1CC22B1E2224A000057DA5 /* Main.storyboard in Resources */ = {isa = PBXBuildFile; fileRef = 6B1CC2291E2224A000057DA5 /* Main.storyboard */; };
		6B1CC22D1E2224A000057DA5 /* Assets.xcassets in Resources */ = {isa = PBXBuildFile; fileRef = 6B1CC22C1E2224A000057DA5 /* Assets.xcassets */; };
		6B1CC2301E2224A000057DA5 /* LaunchScreen.storyboard in Resources */ = {isa = PBXBuildFile; fileRef = 6B1CC22E1E2224A000057DA5 /* LaunchScreen.storyboard */; };
		6B1CC23E1E222E7B00057DA5 /* SKTexturePreload.swift in Sources */ = {isa = PBXBuildFile; fileRef = 6B1CC23D1E222E7B00057DA5 /* SKTexturePreload.swift */; };
		6B1CC2401E22367E00057DA5 /* Sound.swift in Sources */ = {isa = PBXBuildFile; fileRef = 6B1CC23F1E22367E00057DA5 /* Sound.swift */; };
		6B1CC2421E22380700057DA5 /* MenuScene.swift in Sources */ = {isa = PBXBuildFile; fileRef = 6B1CC2411E22380700057DA5 /* MenuScene.swift */; };
		6B1CC2521E22865000057DA5 /* Settings.swift in Sources */ = {isa = PBXBuildFile; fileRef = 6B1CC2511E22865000057DA5 /* Settings.swift */; };
		6B5EB88A1E228E7D001796F2 /* GNode.swift in Sources */ = {isa = PBXBuildFile; fileRef = 6B5EB8891E228E7D001796F2 /* GNode.swift */; };
		6B5EB88C1E2291D9001796F2 /* MultiplayerNetworking.swift in Sources */ = {isa = PBXBuildFile; fileRef = 6B5EB88B1E2291D9001796F2 /* MultiplayerNetworking.swift */; };
		6B5EB88E1E229405001796F2 /* tutorialScene.swift in Sources */ = {isa = PBXBuildFile; fileRef = 6B5EB88D1E229405001796F2 /* tutorialScene.swift */; };
		6B5EB8921E2294C2001796F2 /* spriteComponent.swift in Sources */ = {isa = PBXBuildFile; fileRef = 6B5EB8911E2294C2001796F2 /* spriteComponent.swift */; };
		6B5EB8941E2294DC001796F2 /* moveComponent.swift in Sources */ = {isa = PBXBuildFile; fileRef = 6B5EB8931E2294DC001796F2 /* moveComponent.swift */; };
		6B5EB8981E22953C001796F2 /* playerEntity.swift in Sources */ = {isa = PBXBuildFile; fileRef = 6B5EB8971E22953C001796F2 /* playerEntity.swift */; };
		6B5EB89A1E229556001796F2 /* foodEntity.swift in Sources */ = {isa = PBXBuildFile; fileRef = 6B5EB8991E229556001796F2 /* foodEntity.swift */; };
		6B5EB89C1E229589001796F2 /* Extensions.swift in Sources */ = {isa = PBXBuildFile; fileRef = 6B5EB89B1E229589001796F2 /* Extensions.swift */; };
		6B5EB8A11E2296A2001796F2 /* animationComponent.swift in Sources */ = {isa = PBXBuildFile; fileRef = 6B5EB8A01E2296A2001796F2 /* animationComponent.swift */; };
		6B5EB8A31E2296C6001796F2 /* gameoverState.swift in Sources */ = {isa = PBXBuildFile; fileRef = 6B5EB8A21E2296C6001796F2 /* gameoverState.swift */; };
		6B5EB8A61E2296FB001796F2 /* playingState.swift in Sources */ = {isa = PBXBuildFile; fileRef = 6B5EB8A51E2296FB001796F2 /* playingState.swift */; };
		6B5EB8A81E22AA57001796F2 /* ParallaxSprite.swift in Sources */ = {isa = PBXBuildFile; fileRef = 6B5EB8A71E22AA57001796F2 /* ParallaxSprite.swift */; };
		6B5EB8AA1E22AE8F001796F2 /* GLabel.swift in Sources */ = {isa = PBXBuildFile; fileRef = 6B5EB8A91E22AE8F001796F2 /* GLabel.swift */; };
		6B5EB8AC1E22BD6C001796F2 /* MainScene.swift in Sources */ = {isa = PBXBuildFile; fileRef = 6B5EB8AB1E22BD6C001796F2 /* MainScene.swift */; };
		6B5EB8AE1E22C103001796F2 /* GButton.swift in Sources */ = {isa = PBXBuildFile; fileRef = 6B5EB8AD1E22C103001796F2 /* GButton.swift */; };
		6B5EB8B11E22DAE6001796F2 /* GameScenePhysicsWorld.swift in Sources */ = {isa = PBXBuildFile; fileRef = 6B5EB8B01E22DAE5001796F2 /* GameScenePhysicsWorld.swift */; };
		6B5EB8B31E22E00C001796F2 /* fallingComponent.swift in Sources */ = {isa = PBXBuildFile; fileRef = 6B5EB8B21E22E00C001796F2 /* fallingComponent.swift */; };
		6B5EB8B51E22E635001796F2 /* MultiplayerGameScene.swift in Sources */ = {isa = PBXBuildFile; fileRef = 6B5EB8B41E22E635001796F2 /* MultiplayerGameScene.swift */; };
		6BA153C81E24DDA000F3AFB0 /* SettingupGameScene.swift in Sources */ = {isa = PBXBuildFile; fileRef = 6BA153C71E24DDA000F3AFB0 /* SettingupGameScene.swift */; };
		6BA153CA1E2505DC00F3AFB0 /* EntityManager.swift in Sources */ = {isa = PBXBuildFile; fileRef = 6BA153C91E2505DC00F3AFB0 /* EntityManager.swift */; };
/* End PBXBuildFile section */

/* Begin PBXFileReference section */
		6B04CF9D1E23B7E6000DB965 /* multiplayerState.swift */ = {isa = PBXFileReference; fileEncoding = 4; lastKnownFileType = sourcecode.swift; path = multiplayerState.swift; sourceTree = "<group>"; };
		6B04CF9F1E23B7FE000DB965 /* singleState.swift */ = {isa = PBXFileReference; fileEncoding = 4; lastKnownFileType = sourcecode.swift; path = singleState.swift; sourceTree = "<group>"; };
		6B15AB581E24181B0038B64B /* pop.wav */ = {isa = PBXFileReference; lastKnownFileType = audio.wav; path = pop.wav; sourceTree = "<group>"; };
		6B1CC21C1E2224A000057DA5 /* HungryJUJU.app */ = {isa = PBXFileReference; explicitFileType = wrapper.application; includeInIndex = 0; path = HungryJUJU.app; sourceTree = BUILT_PRODUCTS_DIR; };
		6B1CC21F1E2224A000057DA5 /* AppDelegate.swift */ = {isa = PBXFileReference; lastKnownFileType = sourcecode.swift; path = AppDelegate.swift; sourceTree = "<group>"; };
		6B1CC2251E2224A000057DA5 /* GameScene.swift */ = {isa = PBXFileReference; lastKnownFileType = sourcecode.swift; path = GameScene.swift; sourceTree = "<group>"; };
		6B1CC2271E2224A000057DA5 /* GameViewController.swift */ = {isa = PBXFileReference; lastKnownFileType = sourcecode.swift; path = GameViewController.swift; sourceTree = "<group>"; };
		6B1CC22A1E2224A000057DA5 /* Base */ = {isa = PBXFileReference; lastKnownFileType = file.storyboard; name = Base; path = Base.lproj/Main.storyboard; sourceTree = "<group>"; };
		6B1CC22C1E2224A000057DA5 /* Assets.xcassets */ = {isa = PBXFileReference; lastKnownFileType = folder.assetcatalog; path = Assets.xcassets; sourceTree = "<group>"; };
		6B1CC22F1E2224A000057DA5 /* Base */ = {isa = PBXFileReference; lastKnownFileType = file.storyboard; name = Base; path = Base.lproj/LaunchScreen.storyboard; sourceTree = "<group>"; };
		6B1CC2311E2224A000057DA5 /* Info.plist */ = {isa = PBXFileReference; lastKnownFileType = text.plist.xml; path = Info.plist; sourceTree = "<group>"; };
		6B1CC23D1E222E7B00057DA5 /* SKTexturePreload.swift */ = {isa = PBXFileReference; fileEncoding = 4; lastKnownFileType = sourcecode.swift; path = SKTexturePreload.swift; sourceTree = "<group>"; };
		6B1CC23F1E22367E00057DA5 /* Sound.swift */ = {isa = PBXFileReference; fileEncoding = 4; lastKnownFileType = sourcecode.swift; path = Sound.swift; sourceTree = "<group>"; };
		6B1CC2411E22380700057DA5 /* MenuScene.swift */ = {isa = PBXFileReference; fileEncoding = 4; lastKnownFileType = sourcecode.swift; path = MenuScene.swift; sourceTree = "<group>"; };
		6B1CC2511E22865000057DA5 /* Settings.swift */ = {isa = PBXFileReference; fileEncoding = 4; lastKnownFileType = sourcecode.swift; path = Settings.swift; sourceTree = "<group>"; };
		6B5EB8891E228E7D001796F2 /* GNode.swift */ = {isa = PBXFileReference; fileEncoding = 4; lastKnownFileType = sourcecode.swift; path = GNode.swift; sourceTree = "<group>"; };
		6B5EB88B1E2291D9001796F2 /* MultiplayerNetworking.swift */ = {isa = PBXFileReference; fileEncoding = 4; lastKnownFileType = sourcecode.swift; path = MultiplayerNetworking.swift; sourceTree = "<group>"; };
		6B5EB88D1E229405001796F2 /* tutorialScene.swift */ = {isa = PBXFileReference; fileEncoding = 4; lastKnownFileType = sourcecode.swift; path = tutorialScene.swift; sourceTree = "<group>"; };
		6B5EB8911E2294C2001796F2 /* spriteComponent.swift */ = {isa = PBXFileReference; fileEncoding = 4; lastKnownFileType = sourcecode.swift; path = spriteComponent.swift; sourceTree = "<group>"; };
		6B5EB8931E2294DC001796F2 /* moveComponent.swift */ = {isa = PBXFileReference; fileEncoding = 4; lastKnownFileType = sourcecode.swift; path = moveComponent.swift; sourceTree = "<group>"; };
		6B5EB8971E22953C001796F2 /* playerEntity.swift */ = {isa = PBXFileReference; fileEncoding = 4; lastKnownFileType = sourcecode.swift; path = playerEntity.swift; sourceTree = "<group>"; };
		6B5EB8991E229556001796F2 /* foodEntity.swift */ = {isa = PBXFileReference; fileEncoding = 4; lastKnownFileType = sourcecode.swift; path = foodEntity.swift; sourceTree = "<group>"; };
		6B5EB89B1E229589001796F2 /* Extensions.swift */ = {isa = PBXFileReference; fileEncoding = 4; lastKnownFileType = sourcecode.swift; path = Extensions.swift; sourceTree = "<group>"; };
		6B5EB8A01E2296A2001796F2 /* animationComponent.swift */ = {isa = PBXFileReference; fileEncoding = 4; lastKnownFileType = sourcecode.swift; path = animationComponent.swift; sourceTree = "<group>"; };
		6B5EB8A21E2296C6001796F2 /* gameoverState.swift */ = {isa = PBXFileReference; fileEncoding = 4; lastKnownFileType = sourcecode.swift; path = gameoverState.swift; sourceTree = "<group>"; };
		6B5EB8A51E2296FB001796F2 /* playingState.swift */ = {isa = PBXFileReference; fileEncoding = 4; lastKnownFileType = sourcecode.swift; path = playingState.swift; sourceTree = "<group>"; };
		6B5EB8A71E22AA57001796F2 /* ParallaxSprite.swift */ = {isa = PBXFileReference; fileEncoding = 4; lastKnownFileType = sourcecode.swift; path = ParallaxSprite.swift; sourceTree = "<group>"; };
		6B5EB8A91E22AE8F001796F2 /* GLabel.swift */ = {isa = PBXFileReference; fileEncoding = 4; lastKnownFileType = sourcecode.swift; path = GLabel.swift; sourceTree = "<group>"; };
		6B5EB8AB1E22BD6C001796F2 /* MainScene.swift */ = {isa = PBXFileReference; fileEncoding = 4; lastKnownFileType = sourcecode.swift; path = MainScene.swift; sourceTree = "<group>"; };
		6B5EB8AD1E22C103001796F2 /* GButton.swift */ = {isa = PBXFileReference; fileEncoding = 4; lastKnownFileType = sourcecode.swift; path = GButton.swift; sourceTree = "<group>"; };
		6B5EB8B01E22DAE5001796F2 /* GameScenePhysicsWorld.swift */ = {isa = PBXFileReference; fileEncoding = 4; lastKnownFileType = sourcecode.swift; path = GameScenePhysicsWorld.swift; sourceTree = "<group>"; };
		6B5EB8B21E22E00C001796F2 /* fallingComponent.swift */ = {isa = PBXFileReference; fileEncoding = 4; lastKnownFileType = sourcecode.swift; path = fallingComponent.swift; sourceTree = "<group>"; };
		6B5EB8B41E22E635001796F2 /* MultiplayerGameScene.swift */ = {isa = PBXFileReference; fileEncoding = 4; lastKnownFileType = sourcecode.swift; path = MultiplayerGameScene.swift; sourceTree = "<group>"; };
		6BA153C71E24DDA000F3AFB0 /* SettingupGameScene.swift */ = {isa = PBXFileReference; fileEncoding = 4; lastKnownFileType = sourcecode.swift; path = SettingupGameScene.swift; sourceTree = "<group>"; };
		6BA153C91E2505DC00F3AFB0 /* EntityManager.swift */ = {isa = PBXFileReference; fileEncoding = 4; lastKnownFileType = sourcecode.swift; path = EntityManager.swift; sourceTree = "<group>"; };
/* End PBXFileReference section */

/* Begin PBXFrameworksBuildPhase section */
		6B1CC2191E2224A000057DA5 /* Frameworks */ = {
			isa = PBXFrameworksBuildPhase;
			buildActionMask = 2147483647;
			files = (
			);
			runOnlyForDeploymentPostprocessing = 0;
		};
/* End PBXFrameworksBuildPhase section */

/* Begin PBXGroup section */
		6B1CC2131E2224A000057DA5 = {
			isa = PBXGroup;
			children = (
				6B1CC21E1E2224A000057DA5 /* HungryJUJU */,
				6B1CC21D1E2224A000057DA5 /* Products */,
			);
			sourceTree = "<group>";
		};
		6B1CC21D1E2224A000057DA5 /* Products */ = {
			isa = PBXGroup;
			children = (
				6B1CC21C1E2224A000057DA5 /* HungryJUJU.app */,
			);
			name = Products;
			sourceTree = "<group>";
		};
		6B1CC21E1E2224A000057DA5 /* HungryJUJU */ = {
			isa = PBXGroup;
			children = (
				6B1CC2271E2224A000057DA5 /* GameViewController.swift */,
				6B1CC24E1E227EAA00057DA5 /* Scenes */,
				6B5EB8AF1E22DAD6001796F2 /* GameScene */,
				6B5EB88F1E22949A001796F2 /* GamePlayKit */,
				6B1CC2501E227F6D00057DA5 /* other */,
				6B1CC24F1E227F4A00057DA5 /* Nodes */,
				6B1CC21F1E2224A000057DA5 /* AppDelegate.swift */,
				6B1CC2291E2224A000057DA5 /* Main.storyboard */,
				6B1CC22C1E2224A000057DA5 /* Assets.xcassets */,
				6B1CC22E1E2224A000057DA5 /* LaunchScreen.storyboard */,
				6B1CC2311E2224A000057DA5 /* Info.plist */,
				6B5EB88B1E2291D9001796F2 /* MultiplayerNetworking.swift */,
			);
			path = HungryJUJU;
			sourceTree = "<group>";
		};
		6B1CC24E1E227EAA00057DA5 /* Scenes */ = {
			isa = PBXGroup;
			children = (
				6B5EB8AB1E22BD6C001796F2 /* MainScene.swift */,
				6B1CC2411E22380700057DA5 /* MenuScene.swift */,
				6B5EB88D1E229405001796F2 /* tutorialScene.swift */,
			);
			name = Scenes;
			sourceTree = "<group>";
		};
		6B1CC24F1E227F4A00057DA5 /* Nodes */ = {
			isa = PBXGroup;
			children = (
				6B5EB8891E228E7D001796F2 /* GNode.swift */,
				6B5EB8A91E22AE8F001796F2 /* GLabel.swift */,
				6B5EB8AD1E22C103001796F2 /* GButton.swift */,
			);
			name = Nodes;
			sourceTree = "<group>";
		};
		6B1CC2501E227F6D00057DA5 /* other */ = {
			isa = PBXGroup;
			children = (
				6B5EB89B1E229589001796F2 /* Extensions.swift */,
				6B5EB8A71E22AA57001796F2 /* ParallaxSprite.swift */,
				6B1CC23D1E222E7B00057DA5 /* SKTexturePreload.swift */,
				6B1CC23F1E22367E00057DA5 /* Sound.swift */,
				6B1CC2511E22865000057DA5 /* Settings.swift */,
			);
			name = other;
			sourceTree = "<group>";
		};
		6B5EB88F1E22949A001796F2 /* GamePlayKit */ = {
			isa = PBXGroup;
			children = (
				6B15AB581E24181B0038B64B /* pop.wav */,
				6B5EB8961E22952D001796F2 /* Entity */,
				6B5EB8901E2294A5001796F2 /* Component */,
				6BA153C91E2505DC00F3AFB0 /* EntityManager.swift */,
			);
			name = GamePlayKit;
			sourceTree = "<group>";
		};
		6B5EB8901E2294A5001796F2 /* Component */ = {
			isa = PBXGroup;
			children = (
				6B5EB8911E2294C2001796F2 /* spriteComponent.swift */,
				6B5EB8931E2294DC001796F2 /* moveComponent.swift */,
				6B5EB8A01E2296A2001796F2 /* animationComponent.swift */,
				6B5EB8B21E22E00C001796F2 /* fallingComponent.swift */,
			);
			name = Component;
			sourceTree = "<group>";
		};
		6B5EB8961E22952D001796F2 /* Entity */ = {
			isa = PBXGroup;
			children = (
				6B5EB8971E22953C001796F2 /* playerEntity.swift */,
				6B5EB8991E229556001796F2 /* foodEntity.swift */,
			);
			name = Entity;
			sourceTree = "<group>";
		};
		6B5EB89D1E22965A001796F2 /* GameState */ = {
			isa = PBXGroup;
			children = (
				6B04CF9F1E23B7FE000DB965 /* singleState.swift */,
				6B5EB8A51E2296FB001796F2 /* playingState.swift */,
				6B04CF9D1E23B7E6000DB965 /* multiplayerState.swift */,
				6B5EB8A21E2296C6001796F2 /* gameoverState.swift */,
			);
			name = GameState;
			sourceTree = "<group>";
		};
		6B5EB8AF1E22DAD6001796F2 /* GameScene */ = {
			isa = PBXGroup;
			children = (
				6B5EB89D1E22965A001796F2 /* GameState */,
				6B1CC2251E2224A000057DA5 /* GameScene.swift */,
				6B5EB8B01E22DAE5001796F2 /* GameScenePhysicsWorld.swift */,
				6B5EB8B41E22E635001796F2 /* MultiplayerGameScene.swift */,
				6BA153C71E24DDA000F3AFB0 /* SettingupGameScene.swift */,
			);
			name = GameScene;
			sourceTree = "<group>";
		};
/* End PBXGroup section */

/* Begin PBXNativeTarget section */
		6B1CC21B1E2224A000057DA5 /* HungryJUJU */ = {
			isa = PBXNativeTarget;
			buildConfigurationList = 6B1CC2341E2224A000057DA5 /* Build configuration list for PBXNativeTarget "HungryJUJU" */;
			buildPhases = (
				6B1CC2181E2224A000057DA5 /* Sources */,
				6B1CC2191E2224A000057DA5 /* Frameworks */,
				6B1CC21A1E2224A000057DA5 /* Resources */,
			);
			buildRules = (
			);
			dependencies = (
			);
			name = HungryJUJU;
			productName = HungryJUJU;
			productReference = 6B1CC21C1E2224A000057DA5 /* HungryJUJU.app */;
			productType = "com.apple.product-type.application";
		};
/* End PBXNativeTarget section */

/* Begin PBXProject section */
		6B1CC2141E2224A000057DA5 /* Project object */ = {
			isa = PBXProject;
			attributes = {
				LastSwiftUpdateCheck = 0820;
				LastUpgradeCheck = 0820;
				ORGANIZATIONNAME = "Ghadeer Alkhathlan";
				TargetAttributes = {
					6B1CC21B1E2224A000057DA5 = {
						CreatedOnToolsVersion = 8.2.1;
						DevelopmentTeam = Q37EAC735P;
						ProvisioningStyle = Automatic;
					};
				};
			};
			buildConfigurationList = 6B1CC2171E2224A000057DA5 /* Build configuration list for PBXProject "HungryJUJU" */;
			compatibilityVersion = "Xcode 3.2";
			developmentRegion = English;
			hasScannedForEncodings = 0;
			knownRegions = (
				en,
				Base,
			);
			mainGroup = 6B1CC2131E2224A000057DA5;
			productRefGroup = 6B1CC21D1E2224A000057DA5 /* Products */;
			projectDirPath = "";
			projectRoot = "";
			targets = (
				6B1CC21B1E2224A000057DA5 /* HungryJUJU */,
			);
		};
/* End PBXProject section */

/* Begin PBXResourcesBuildPhase section */
		6B1CC21A1E2224A000057DA5 /* Resources */ = {
			isa = PBXResourcesBuildPhase;
			buildActionMask = 2147483647;
			files = (
				6B1CC22B1E2224A000057DA5 /* Main.storyboard in Resources */,
				6B1CC22D1E2224A000057DA5 /* Assets.xcassets in Resources */,
				6B15AB591E24181B0038B64B /* pop.wav in Resources */,
				6B1CC2301E2224A000057DA5 /* LaunchScreen.storyboard in Resources */,
			);
			runOnlyForDeploymentPostprocessing = 0;
		};
/* End PBXResourcesBuildPhase section */

/* Begin PBXSourcesBuildPhase section */
		6B1CC2181E2224A000057DA5 /* Sources */ = {
			isa = PBXSourcesBuildPhase;
			buildActionMask = 2147483647;
			files = (
				6B5EB89A1E229556001796F2 /* foodEntity.swift in Sources */,
				6B5EB8B11E22DAE6001796F2 /* GameScenePhysicsWorld.swift in Sources */,
				6B5EB8981E22953C001796F2 /* playerEntity.swift in Sources */,
				6B5EB8941E2294DC001796F2 /* moveComponent.swift in Sources */,
				6BA153C81E24DDA000F3AFB0 /* SettingupGameScene.swift in Sources */,
				6B5EB88E1E229405001796F2 /* tutorialScene.swift in Sources */,
				6B1CC2401E22367E00057DA5 /* Sound.swift in Sources */,
				6B1CC2261E2224A000057DA5 /* GameScene.swift in Sources */,
				6B5EB8AA1E22AE8F001796F2 /* GLabel.swift in Sources */,
				6B5EB88A1E228E7D001796F2 /* GNode.swift in Sources */,
				6B5EB88C1E2291D9001796F2 /* MultiplayerNetworking.swift in Sources */,
				6BA153CA1E2505DC00F3AFB0 /* EntityManager.swift in Sources */,
				6B04CF9E1E23B7E6000DB965 /* multiplayerState.swift in Sources */,
				6B5EB8921E2294C2001796F2 /* spriteComponent.swift in Sources */,
				6B04CFA01E23B7FE000DB965 /* singleState.swift in Sources */,
				6B1CC2421E22380700057DA5 /* MenuScene.swift in Sources */,
				6B5EB8AE1E22C103001796F2 /* GButton.swift in Sources */,
				6B5EB8B51E22E635001796F2 /* MultiplayerGameScene.swift in Sources */,
				6B1CC2281E2224A000057DA5 /* GameViewController.swift in Sources */,
				6B1CC2201E2224A000057DA5 /* AppDelegate.swift in Sources */,
				6B5EB8B31E22E00C001796F2 /* fallingComponent.swift in Sources */,
				6B1CC23E1E222E7B00057DA5 /* SKTexturePreload.swift in Sources */,
				6B5EB8A11E2296A2001796F2 /* animationComponent.swift in Sources */,
				6B5EB8A61E2296FB001796F2 /* playingState.swift in Sources */,
				6B5EB89C1E229589001796F2 /* Extensions.swift in Sources */,
				6B5EB8A31E2296C6001796F2 /* gameoverState.swift in Sources */,
				6B5EB8AC1E22BD6C001796F2 /* MainScene.swift in Sources */,
				6B1CC2521E22865000057DA5 /* Settings.swift in Sources */,
				6B5EB8A81E22AA57001796F2 /* ParallaxSprite.swift in Sources */,
			);
			runOnlyForDeploymentPostprocessing = 0;
		};
/* End PBXSourcesBuildPhase section */

/* Begin PBXVariantGroup section */
		6B1CC2291E2224A000057DA5 /* Main.storyboard */ = {
			isa = PBXVariantGroup;
			children = (
				6B1CC22A1E2224A000057DA5 /* Base */,
			);
			name = Main.storyboard;
			sourceTree = "<group>";
		};
		6B1CC22E1E2224A000057DA5 /* LaunchScreen.storyboard */ = {
			isa = PBXVariantGroup;
			children = (
				6B1CC22F1E2224A000057DA5 /* Base */,
			);
			name = LaunchScreen.storyboard;
			sourceTree = "<group>";
		};
/* End PBXVariantGroup section */

/* Begin XCBuildConfiguration section */
		6B1CC2321E2224A000057DA5 /* Debug */ = {
			isa = XCBuildConfiguration;
			buildSettings = {
				ALWAYS_SEARCH_USER_PATHS = NO;
				CLANG_ANALYZER_NONNULL = YES;
				CLANG_CXX_LANGUAGE_STANDARD = "gnu++0x";
				CLANG_CXX_LIBRARY = "libc++";
				CLANG_ENABLE_MODULES = YES;
				CLANG_ENABLE_OBJC_ARC = YES;
				CLANG_WARN_BOOL_CONVERSION = YES;
				CLANG_WARN_CONSTANT_CONVERSION = YES;
				CLANG_WARN_DIRECT_OBJC_ISA_USAGE = YES_ERROR;
				CLANG_WARN_DOCUMENTATION_COMMENTS = YES;
				CLANG_WARN_EMPTY_BODY = YES;
				CLANG_WARN_ENUM_CONVERSION = YES;
				CLANG_WARN_INFINITE_RECURSION = YES;
				CLANG_WARN_INT_CONVERSION = YES;
				CLANG_WARN_OBJC_ROOT_CLASS = YES_ERROR;
				CLANG_WARN_SUSPICIOUS_MOVE = YES;
				CLANG_WARN_UNREACHABLE_CODE = YES;
				CLANG_WARN__DUPLICATE_METHOD_MATCH = YES;
				"CODE_SIGN_IDENTITY[sdk=iphoneos*]" = "iPhone Developer";
				COPY_PHASE_STRIP = NO;
				DEBUG_INFORMATION_FORMAT = dwarf;
				ENABLE_STRICT_OBJC_MSGSEND = YES;
				ENABLE_TESTABILITY = YES;
				GCC_C_LANGUAGE_STANDARD = gnu99;
				GCC_DYNAMIC_NO_PIC = NO;
				GCC_NO_COMMON_BLOCKS = YES;
				GCC_OPTIMIZATION_LEVEL = 0;
				GCC_PREPROCESSOR_DEFINITIONS = (
					"DEBUG=1",
					"$(inherited)",
				);
				GCC_WARN_64_TO_32_BIT_CONVERSION = YES;
				GCC_WARN_ABOUT_RETURN_TYPE = YES_ERROR;
				GCC_WARN_UNDECLARED_SELECTOR = YES;
				GCC_WARN_UNINITIALIZED_AUTOS = YES_AGGRESSIVE;
				GCC_WARN_UNUSED_FUNCTION = YES;
				GCC_WARN_UNUSED_VARIABLE = YES;
				IPHONEOS_DEPLOYMENT_TARGET = 10.2;
				MTL_ENABLE_DEBUG_INFO = YES;
				ONLY_ACTIVE_ARCH = YES;
				SDKROOT = iphoneos;
				SWIFT_ACTIVE_COMPILATION_CONDITIONS = DEBUG;
				SWIFT_OPTIMIZATION_LEVEL = "-Onone";
				TARGETED_DEVICE_FAMILY = "1,2";
			};
			name = Debug;
		};
		6B1CC2331E2224A000057DA5 /* Release */ = {
			isa = XCBuildConfiguration;
			buildSettings = {
				ALWAYS_SEARCH_USER_PATHS = NO;
				CLANG_ANALYZER_NONNULL = YES;
				CLANG_CXX_LANGUAGE_STANDARD = "gnu++0x";
				CLANG_CXX_LIBRARY = "libc++";
				CLANG_ENABLE_MODULES = YES;
				CLANG_ENABLE_OBJC_ARC = YES;
				CLANG_WARN_BOOL_CONVERSION = YES;
				CLANG_WARN_CONSTANT_CONVERSION = YES;
				CLANG_WARN_DIRECT_OBJC_ISA_USAGE = YES_ERROR;
				CLANG_WARN_DOCUMENTATION_COMMENTS = YES;
				CLANG_WARN_EMPTY_BODY = YES;
				CLANG_WARN_ENUM_CONVERSION = YES;
				CLANG_WARN_INFINITE_RECURSION = YES;
				CLANG_WARN_INT_CONVERSION = YES;
				CLANG_WARN_OBJC_ROOT_CLASS = YES_ERROR;
				CLANG_WARN_SUSPICIOUS_MOVE = YES;
				CLANG_WARN_UNREACHABLE_CODE = YES;
				CLANG_WARN__DUPLICATE_METHOD_MATCH = YES;
				"CODE_SIGN_IDENTITY[sdk=iphoneos*]" = "iPhone Developer";
				COPY_PHASE_STRIP = NO;
				DEBUG_INFORMATION_FORMAT = "dwarf-with-dsym";
				ENABLE_NS_ASSERTIONS = NO;
				ENABLE_STRICT_OBJC_MSGSEND = YES;
				GCC_C_LANGUAGE_STANDARD = gnu99;
				GCC_NO_COMMON_BLOCKS = YES;
				GCC_WARN_64_TO_32_BIT_CONVERSION = YES;
				GCC_WARN_ABOUT_RETURN_TYPE = YES_ERROR;
				GCC_WARN_UNDECLARED_SELECTOR = YES;
				GCC_WARN_UNINITIALIZED_AUTOS = YES_AGGRESSIVE;
				GCC_WARN_UNUSED_FUNCTION = YES;
				GCC_WARN_UNUSED_VARIABLE = YES;
				IPHONEOS_DEPLOYMENT_TARGET = 10.2;
				MTL_ENABLE_DEBUG_INFO = NO;
				SDKROOT = iphoneos;
				SWIFT_OPTIMIZATION_LEVEL = "-Owholemodule";
				TARGETED_DEVICE_FAMILY = "1,2";
				VALIDATE_PRODUCT = YES;
			};
			name = Release;
		};
		6B1CC2351E2224A000057DA5 /* Debug */ = {
			isa = XCBuildConfiguration;
			buildSettings = {
				ASSETCATALOG_COMPILER_APPICON_NAME = AppIcon;
				DEVELOPMENT_TEAM = Q37EAC735P;
				INFOPLIST_FILE = HungryJUJU/Info.plist;
				IPHONEOS_DEPLOYMENT_TARGET = 10.2;
				LD_RUNPATH_SEARCH_PATHS = "$(inherited) @executable_path/Frameworks";
				PRODUCT_BUNDLE_IDENTIFIER = com.guidogame.HungryJUJU;
				PRODUCT_NAME = "$(TARGET_NAME)";
				SWIFT_VERSION = 3.0;
			};
			name = Debug;
		};
		6B1CC2361E2224A000057DA5 /* Release */ = {
			isa = XCBuildConfiguration;
			buildSettings = {
				ASSETCATALOG_COMPILER_APPICON_NAME = AppIcon;
				DEVELOPMENT_TEAM = Q37EAC735P;
				INFOPLIST_FILE = HungryJUJU/Info.plist;
				IPHONEOS_DEPLOYMENT_TARGET = 10.2;
				LD_RUNPATH_SEARCH_PATHS = "$(inherited) @executable_path/Frameworks";
				PRODUCT_BUNDLE_IDENTIFIER = com.guidogame.HungryJUJU;
				PRODUCT_NAME = "$(TARGET_NAME)";
				SWIFT_VERSION = 3.0;
			};
			name = Release;
		};
/* End XCBuildConfiguration section */

/* Begin XCConfigurationList section */
		6B1CC2171E2224A000057DA5 /* Build configuration list for PBXProject "HungryJUJU" */ = {
			isa = XCConfigurationList;
			buildConfigurations = (
				6B1CC2321E2224A000057DA5 /* Debug */,
				6B1CC2331E2224A000057DA5 /* Release */,
			);
			defaultConfigurationIsVisible = 0;
			defaultConfigurationName = Release;
		};
		6B1CC2341E2224A000057DA5 /* Build configuration list for PBXNativeTarget "HungryJUJU" */ = {
			isa = XCConfigurationList;
			buildConfigurations = (
				6B1CC2351E2224A000057DA5 /* Debug */,
				6B1CC2361E2224A000057DA5 /* Release */,
			);
			defaultConfigurationIsVisible = 0;
			defaultConfigurationName = Release;
		};
/* End XCConfigurationList section */
	};
	rootObject = 6B1CC2141E2224A000057DA5 /* Project object */;
}
